
Microsoft Visual Studio Solution File, Format Version 12.00
# Visual Studio Version 17
VisualStudioVersion = 17.2.32526.322
MinimumVisualStudioVersion = 10.0.40219.1
Project("{FAE04EC0-301F-11D3-BF4B-00C04F79EFBC}") = "Sienipeli", "Sienipeli\Sienipeli.csproj", "{BC854AE1-4077-4BC2-B28F-8A3C3D236C8B}"
EndProject
Global
	GlobalSection(SolutionConfigurationPlatforms) = preSolution
		Debug|Any CPU = Debug|Any CPU
		Release|Any CPU = Release|Any CPU
	EndGlobalSection
	GlobalSection(ProjectConfigurationPlatforms) = postSolution
		{BC854AE1-4077-4BC2-B28F-8A3C3D236C8B}.Debug|Any CPU.ActiveCfg = Debug|Any CPU
		{BC854AE1-4077-4BC2-B28F-8A3C3D236C8B}.Debug|Any CPU.Build.0 = Debug|Any CPU
		{BC854AE1-4077-4BC2-B28F-8A3C3D236C8B}.Release|Any CPU.ActiveCfg = Release|Any CPU
		{BC854AE1-4077-4BC2-B28F-8A3C3D236C8B}.Release|Any CPU.Build.0 = Release|Any CPU
	EndGlobalSection
	GlobalSection(SolutionProperties) = preSolution
		HideSolutionNode = FALSE
	EndGlobalSection
	GlobalSection(ExtensibilityGlobals) = postSolution
		SolutionGuid = {9D337ABF-BD28-4972-95D2-9FC15F2B6A04}
	EndGlobalSection
EndGlobal
